
Microsoft Visual Studio Solution File, Format Version 12.00
# Visual Studio 16
Project("{FAE04EC0-301F-11D3-BF4B-00C04F79EFBC}") = "Assembly-CSharp", "Assembly-CSharp.csproj", "{3C3EA14E-D059-C4DB-216B-7B55277A2461}"
EndProject
Project("{FAE04EC0-301F-11D3-BF4B-00C04F79EFBC}") = "Assembly-CSharp-firstpass", "Assembly-CSharp-firstpass.csproj", "{2A0D06B6-5764-65DA-A57B-CD84CF2FD5F7}"
EndProject
Project("{FAE04EC0-301F-11D3-BF4B-00C04F79EFBC}") = "Assembly-CSharp-Editor", "Assembly-CSharp-Editor.csproj", "{0000E43F-3E2B-0D33-A7A6-0AF553898742}"
EndProject
Global
	GlobalSection(SolutionConfigurationPlatforms) = preSolution
		Debug|Any CPU = Debug|Any CPU
		Release|Any CPU = Release|Any CPU
	EndGlobalSection
	GlobalSection(ProjectConfigurationPlatforms) = postSolution
		{3C3EA14E-D059-C4DB-216B-7B55277A2461}.Debug|Any CPU.ActiveCfg = Debug|Any CPU
		{3C3EA14E-D059-C4DB-216B-7B55277A2461}.Debug|Any CPU.Build.0 = Debug|Any CPU
		{3C3EA14E-D059-C4DB-216B-7B55277A2461}.Release|Any CPU.ActiveCfg = Release|Any CPU
		{3C3EA14E-D059-C4DB-216B-7B55277A2461}.Release|Any CPU.Build.0 = Release|Any CPU
		{2A0D06B6-5764-65DA-A57B-CD84CF2FD5F7}.Debug|Any CPU.ActiveCfg = Debug|Any CPU
		{2A0D06B6-5764-65DA-A57B-CD84CF2FD5F7}.Debug|Any CPU.Build.0 = Debug|Any CPU
		{2A0D06B6-5764-65DA-A57B-CD84CF2FD5F7}.Release|Any CPU.ActiveCfg = Release|Any CPU
		{2A0D06B6-5764-65DA-A57B-CD84CF2FD5F7}.Release|Any CPU.Build.0 = Release|Any CPU
		{0000E43F-3E2B-0D33-A7A6-0AF553898742}.Debug|Any CPU.ActiveCfg = Debug|Any CPU
		{0000E43F-3E2B-0D33-A7A6-0AF553898742}.Debug|Any CPU.Build.0 = Debug|Any CPU
		{0000E43F-3E2B-0D33-A7A6-0AF553898742}.Release|Any CPU.ActiveCfg = Release|Any CPU
		{0000E43F-3E2B-0D33-A7A6-0AF553898742}.Release|Any CPU.Build.0 = Release|Any CPU
	EndGlobalSection
	GlobalSection(SolutionProperties) = preSolution
		HideSolutionNode = FALSE
	EndGlobalSection
EndGlobal
